// !$*UTF8*$!
{
	archiveVersion = 1;
	classes = {
	};
	objectVersion = 46;
	objects = {

/* Begin PBXBuildFile section */
		DC41262F1EB93E3000BB0BBD /* AppDelegate.swift in Sources */ = {isa = PBXBuildFile; fileRef = DC41262E1EB93E3000BB0BBD /* AppDelegate.swift */; };
		DC4126311EB93E3000BB0BBD /* ViewController.swift in Sources */ = {isa = PBXBuildFile; fileRef = DC4126301EB93E3000BB0BBD /* ViewController.swift */; };
		DC4126341EB93E3000BB0BBD /* Main.storyboard in Resources */ = {isa = PBXBuildFile; fileRef = DC4126321EB93E3000BB0BBD /* Main.storyboard */; };
		DC4126361EB93E3000BB0BBD /* Assets.xcassets in Resources */ = {isa = PBXBuildFile; fileRef = DC4126351EB93E3000BB0BBD /* Assets.xcassets */; };
		DC4126391EB93E3000BB0BBD /* LaunchScreen.storyboard in Resources */ = {isa = PBXBuildFile; fileRef = DC4126371EB93E3000BB0BBD /* LaunchScreen.storyboard */; };
		DC4126441EB93E3000BB0BBD /* TabBarControllerCancelSessionTests.swift in Sources */ = {isa = PBXBuildFile; fileRef = DC4126431EB93E3000BB0BBD /* TabBarControllerCancelSessionTests.swift */; };
		DC41264F1EB93E3000BB0BBD /* TabBarControllerCancelSessionUITests.swift in Sources */ = {isa = PBXBuildFile; fileRef = DC41264E1EB93E3000BB0BBD /* TabBarControllerCancelSessionUITests.swift */; };
		DC41266C1EB9601F00BB0BBD /* 1.storyboard in Resources */ = {isa = PBXBuildFile; fileRef = DC41266B1EB9601F00BB0BBD /* 1.storyboard */; };
		DC4126731EB9608000BB0BBD /* 2.storyboard in Resources */ = {isa = PBXBuildFile; fileRef = DC41266D1EB9608000BB0BBD /* 2.storyboard */; };
		DC4126741EB9608000BB0BBD /* 3.storyboard in Resources */ = {isa = PBXBuildFile; fileRef = DC41266E1EB9608000BB0BBD /* 3.storyboard */; };
		DC4126751EB9608000BB0BBD /* 4.storyboard in Resources */ = {isa = PBXBuildFile; fileRef = DC41266F1EB9608000BB0BBD /* 4.storyboard */; };
		DC4126761EB9608000BB0BBD /* 5.storyboard in Resources */ = {isa = PBXBuildFile; fileRef = DC4126701EB9608000BB0BBD /* 5.storyboard */; };
		DC4126771EB9608000BB0BBD /* 6.storyboard in Resources */ = {isa = PBXBuildFile; fileRef = DC4126711EB9608000BB0BBD /* 6.storyboard */; };
		DC4126781EB9608000BB0BBD /* 7.storyboard in Resources */ = {isa = PBXBuildFile; fileRef = DC4126721EB9608000BB0BBD /* 7.storyboard */; };
		DC41267C1EB9706300BB0BBD /* ViewController1.swift in Sources */ = {isa = PBXBuildFile; fileRef = DC4126791EB9706300BB0BBD /* ViewController1.swift */; };
		DC41267D1EB9706300BB0BBD /* ViewController2.swift in Sources */ = {isa = PBXBuildFile; fileRef = DC41267A1EB9706300BB0BBD /* ViewController2.swift */; };
		DC41267E1EB9706300BB0BBD /* ViewController3.swift in Sources */ = {isa = PBXBuildFile; fileRef = DC41267B1EB9706300BB0BBD /* ViewController3.swift */; };
/* End PBXBuildFile section */

/* Begin PBXContainerItemProxy section */
		DC4126401EB93E3000BB0BBD /* PBXContainerItemProxy */ = {
			isa = PBXContainerItemProxy;
			containerPortal = DC4126231EB93E3000BB0BBD /* Project object */;
			proxyType = 1;
			remoteGlobalIDString = DC41262A1EB93E3000BB0BBD;
			remoteInfo = TabBarControllerCancelSession;
		};
		DC41264B1EB93E3000BB0BBD /* PBXContainerItemProxy */ = {
			isa = PBXContainerItemProxy;
			containerPortal = DC4126231EB93E3000BB0BBD /* Project object */;
			proxyType = 1;
			remoteGlobalIDString = DC41262A1EB93E3000BB0BBD;
			remoteInfo = TabBarControllerCancelSession;
		};
/* End PBXContainerItemProxy section */

/* Begin PBXFileReference section */
		DC41262B1EB93E3000BB0BBD /* TabBarControllerCancelSession.app */ = {isa = PBXFileReference; explicitFileType = wrapper.application; includeInIndex = 0; path = TabBarControllerCancelSession.app; sourceTree = BUILT_PRODUCTS_DIR; };
		DC41262E1EB93E3000BB0BBD /* AppDelegate.swift */ = {isa = PBXFileReference; lastKnownFileType = sourcecode.swift; path = AppDelegate.swift; sourceTree = "<group>"; };
		DC4126301EB93E3000BB0BBD /* ViewController.swift */ = {isa = PBXFileReference; lastKnownFileType = sourcecode.swift; path = ViewController.swift; sourceTree = "<group>"; };
		DC4126331EB93E3000BB0BBD /* Base */ = {isa = PBXFileReference; lastKnownFileType = file.storyboard; name = Base; path = Base.lproj/Main.storyboard; sourceTree = "<group>"; };
		DC4126351EB93E3000BB0BBD /* Assets.xcassets */ = {isa = PBXFileReference; lastKnownFileType = folder.assetcatalog; path = Assets.xcassets; sourceTree = "<group>"; };
		DC4126381EB93E3000BB0BBD /* Base */ = {isa = PBXFileReference; lastKnownFileType = file.storyboard; name = Base; path = Base.lproj/LaunchScreen.storyboard; sourceTree = "<group>"; };
		DC41263A1EB93E3000BB0BBD /* Info.plist */ = {isa = PBXFileReference; lastKnownFileType = text.plist.xml; path = Info.plist; sourceTree = "<group>"; };
		DC41263F1EB93E3000BB0BBD /* TabBarControllerCancelSessionTests.xctest */ = {isa = PBXFileReference; explicitFileType = wrapper.cfbundle; includeInIndex = 0; path = TabBarControllerCancelSessionTests.xctest; sourceTree = BUILT_PRODUCTS_DIR; };
		DC4126431EB93E3000BB0BBD /* TabBarControllerCancelSessionTests.swift */ = {isa = PBXFileReference; lastKnownFileType = sourcecode.swift; path = TabBarControllerCancelSessionTests.swift; sourceTree = "<group>"; };
		DC4126451EB93E3000BB0BBD /* Info.plist */ = {isa = PBXFileReference; lastKnownFileType = text.plist.xml; path = Info.plist; sourceTree = "<group>"; };
		DC41264A1EB93E3000BB0BBD /* TabBarControllerCancelSessionUITests.xctest */ = {isa = PBXFileReference; explicitFileType = wrapper.cfbundle; includeInIndex = 0; path = TabBarControllerCancelSessionUITests.xctest; sourceTree = BUILT_PRODUCTS_DIR; };
		DC41264E1EB93E3000BB0BBD /* TabBarControllerCancelSessionUITests.swift */ = {isa = PBXFileReference; lastKnownFileType = sourcecode.swift; path = TabBarControllerCancelSessionUITests.swift; sourceTree = "<group>"; };
		DC4126501EB93E3000BB0BBD /* Info.plist */ = {isa = PBXFileReference; lastKnownFileType = text.plist.xml; path = Info.plist; sourceTree = "<group>"; };
		DC41266B1EB9601F00BB0BBD /* 1.storyboard */ = {isa = PBXFileReference; fileEncoding = 4; lastKnownFileType = file.storyboard; path = 1.storyboard; sourceTree = "<group>"; };
		DC41266D1EB9608000BB0BBD /* 2.storyboard */ = {isa = PBXFileReference; fileEncoding = 4; lastKnownFileType = file.storyboard; path = 2.storyboard; sourceTree = "<group>"; };
		DC41266E1EB9608000BB0BBD /* 3.storyboard */ = {isa = PBXFileReference; fileEncoding = 4; lastKnownFileType = file.storyboard; path = 3.storyboard; sourceTree = "<group>"; };
		DC41266F1EB9608000BB0BBD /* 4.storyboard */ = {isa = PBXFileReference; fileEncoding = 4; lastKnownFileType = file.storyboard; path = 4.storyboard; sourceTree = "<group>"; };
		DC4126701EB9608000BB0BBD /* 5.storyboard */ = {isa = PBXFileReference; fileEncoding = 4; lastKnownFileType = file.storyboard; path = 5.storyboard; sourceTree = "<group>"; };
		DC4126711EB9608000BB0BBD /* 6.storyboard */ = {isa = PBXFileReference; fileEncoding = 4; lastKnownFileType = file.storyboard; path = 6.storyboard; sourceTree = "<group>"; };
		DC4126721EB9608000BB0BBD /* 7.storyboard */ = {isa = PBXFileReference; fileEncoding = 4; lastKnownFileType = file.storyboard; path = 7.storyboard; sourceTree = "<group>"; };
		DC4126791EB9706300BB0BBD /* ViewController1.swift */ = {isa = PBXFileReference; fileEncoding = 4; lastKnownFileType = sourcecode.swift; path = ViewController1.swift; sourceTree = "<group>"; };
		DC41267A1EB9706300BB0BBD /* ViewController2.swift */ = {isa = PBXFileReference; fileEncoding = 4; lastKnownFileType = sourcecode.swift; path = ViewController2.swift; sourceTree = "<group>"; };
		DC41267B1EB9706300BB0BBD /* ViewController3.swift */ = {isa = PBXFileReference; fileEncoding = 4; lastKnownFileType = sourcecode.swift; path = ViewController3.swift; sourceTree = "<group>"; };
/* End PBXFileReference section */

/* Begin PBXFrameworksBuildPhase section */
		DC4126281EB93E3000BB0BBD /* Frameworks */ = {
			isa = PBXFrameworksBuildPhase;
			buildActionMask = 2147483647;
			files = (
			);
			runOnlyForDeploymentPostprocessing = 0;
		};
		DC41263C1EB93E3000BB0BBD /* Frameworks */ = {
			isa = PBXFrameworksBuildPhase;
			buildActionMask = 2147483647;
			files = (
			);
			runOnlyForDeploymentPostprocessing = 0;
		};
		DC4126471EB93E3000BB0BBD /* Frameworks */ = {
			isa = PBXFrameworksBuildPhase;
			buildActionMask = 2147483647;
			files = (
			);
			runOnlyForDeploymentPostprocessing = 0;
		};
/* End PBXFrameworksBuildPhase section */

/* Begin PBXGroup section */
		DC4126221EB93E3000BB0BBD = {
			isa = PBXGroup;
			children = (
				DC41262D1EB93E3000BB0BBD /* TabBarControllerCancelSession */,
				DC4126421EB93E3000BB0BBD /* TabBarControllerCancelSessionTests */,
				DC41264D1EB93E3000BB0BBD /* TabBarControllerCancelSessionUITests */,
				DC41262C1EB93E3000BB0BBD /* Products */,
			);
			sourceTree = "<group>";
		};
		DC41262C1EB93E3000BB0BBD /* Products */ = {
			isa = PBXGroup;
			children = (
				DC41262B1EB93E3000BB0BBD /* TabBarControllerCancelSession.app */,
				DC41263F1EB93E3000BB0BBD /* TabBarControllerCancelSessionTests.xctest */,
				DC41264A1EB93E3000BB0BBD /* TabBarControllerCancelSessionUITests.xctest */,
			);
			name = Products;
			sourceTree = "<group>";
		};
		DC41262D1EB93E3000BB0BBD /* TabBarControllerCancelSession */ = {
			isa = PBXGroup;
			children = (
				DC4126791EB9706300BB0BBD /* ViewController1.swift */,
				DC41267A1EB9706300BB0BBD /* ViewController2.swift */,
				DC41267B1EB9706300BB0BBD /* ViewController3.swift */,
				DC41266A1EB93FEE00BB0BBD /* Storyboards */,
				DC41262E1EB93E3000BB0BBD /* AppDelegate.swift */,
				DC4126301EB93E3000BB0BBD /* ViewController.swift */,
				DC4126321EB93E3000BB0BBD /* Main.storyboard */,
				DC4126351EB93E3000BB0BBD /* Assets.xcassets */,
				DC4126371EB93E3000BB0BBD /* LaunchScreen.storyboard */,
				DC41263A1EB93E3000BB0BBD /* Info.plist */,
			);
			path = TabBarControllerCancelSession;
			sourceTree = "<group>";
		};
		DC4126421EB93E3000BB0BBD /* TabBarControllerCancelSessionTests */ = {
			isa = PBXGroup;
			children = (
				DC4126431EB93E3000BB0BBD /* TabBarControllerCancelSessionTests.swift */,
				DC4126451EB93E3000BB0BBD /* Info.plist */,
			);
			path = TabBarControllerCancelSessionTests;
			sourceTree = "<group>";
		};
		DC41264D1EB93E3000BB0BBD /* TabBarControllerCancelSessionUITests */ = {
			isa = PBXGroup;
			children = (
				DC41264E1EB93E3000BB0BBD /* TabBarControllerCancelSessionUITests.swift */,
				DC4126501EB93E3000BB0BBD /* Info.plist */,
			);
			path = TabBarControllerCancelSessionUITests;
			sourceTree = "<group>";
		};
		DC41266A1EB93FEE00BB0BBD /* Storyboards */ = {
			isa = PBXGroup;
			children = (
				DC41266D1EB9608000BB0BBD /* 2.storyboard */,
				DC41266E1EB9608000BB0BBD /* 3.storyboard */,
				DC41266F1EB9608000BB0BBD /* 4.storyboard */,
				DC4126701EB9608000BB0BBD /* 5.storyboard */,
				DC4126711EB9608000BB0BBD /* 6.storyboard */,
				DC4126721EB9608000BB0BBD /* 7.storyboard */,
				DC41266B1EB9601F00BB0BBD /* 1.storyboard */,
			);
			name = Storyboards;
			sourceTree = "<group>";
		};
/* End PBXGroup section */

/* Begin PBXNativeTarget section */
		DC41262A1EB93E3000BB0BBD /* TabBarControllerCancelSession */ = {
			isa = PBXNativeTarget;
			buildConfigurationList = DC4126531EB93E3000BB0BBD /* Build configuration list for PBXNativeTarget "TabBarControllerCancelSession" */;
			buildPhases = (
				DC4126271EB93E3000BB0BBD /* Sources */,
				DC4126281EB93E3000BB0BBD /* Frameworks */,
				DC4126291EB93E3000BB0BBD /* Resources */,
			);
			buildRules = (
			);
			dependencies = (
			);
			name = TabBarControllerCancelSession;
			productName = TabBarControllerCancelSession;
			productReference = DC41262B1EB93E3000BB0BBD /* TabBarControllerCancelSession.app */;
			productType = "com.apple.product-type.application";
		};
		DC41263E1EB93E3000BB0BBD /* TabBarControllerCancelSessionTests */ = {
			isa = PBXNativeTarget;
			buildConfigurationList = DC4126561EB93E3000BB0BBD /* Build configuration list for PBXNativeTarget "TabBarControllerCancelSessionTests" */;
			buildPhases = (
				DC41263B1EB93E3000BB0BBD /* Sources */,
				DC41263C1EB93E3000BB0BBD /* Frameworks */,
				DC41263D1EB93E3000BB0BBD /* Resources */,
			);
			buildRules = (
			);
			dependencies = (
				DC4126411EB93E3000BB0BBD /* PBXTargetDependency */,
			);
			name = TabBarControllerCancelSessionTests;
			productName = TabBarControllerCancelSessionTests;
			productReference = DC41263F1EB93E3000BB0BBD /* TabBarControllerCancelSessionTests.xctest */;
			productType = "com.apple.product-type.bundle.unit-test";
		};
		DC4126491EB93E3000BB0BBD /* TabBarControllerCancelSessionUITests */ = {
			isa = PBXNativeTarget;
			buildConfigurationList = DC4126591EB93E3000BB0BBD /* Build configuration list for PBXNativeTarget "TabBarControllerCancelSessionUITests" */;
			buildPhases = (
				DC4126461EB93E3000BB0BBD /* Sources */,
				DC4126471EB93E3000BB0BBD /* Frameworks */,
				DC4126481EB93E3000BB0BBD /* Resources */,
			);
			buildRules = (
			);
			dependencies = (
				DC41264C1EB93E3000BB0BBD /* PBXTargetDependency */,
			);
			name = TabBarControllerCancelSessionUITests;
			productName = TabBarControllerCancelSessionUITests;
			productReference = DC41264A1EB93E3000BB0BBD /* TabBarControllerCancelSessionUITests.xctest */;
			productType = "com.apple.product-type.bundle.ui-testing";
		};
/* End PBXNativeTarget section */

/* Begin PBXProject section */
		DC4126231EB93E3000BB0BBD /* Project object */ = {
			isa = PBXProject;
			attributes = {
				LastSwiftUpdateCheck = 0830;
				LastUpgradeCheck = 0830;
				ORGANIZATIONNAME = iggym;
				TargetAttributes = {
					DC41262A1EB93E3000BB0BBD = {
						CreatedOnToolsVersion = 8.3.2;
						DevelopmentTeam = 8X445N7629;
						ProvisioningStyle = Automatic;
					};
					DC41263E1EB93E3000BB0BBD = {
						CreatedOnToolsVersion = 8.3.2;
						DevelopmentTeam = 8X445N7629;
						ProvisioningStyle = Automatic;
						TestTargetID = DC41262A1EB93E3000BB0BBD;
					};
					DC4126491EB93E3000BB0BBD = {
						CreatedOnToolsVersion = 8.3.2;
						DevelopmentTeam = 8X445N7629;
						ProvisioningStyle = Automatic;
						TestTargetID = DC41262A1EB93E3000BB0BBD;
					};
				};
			};
			buildConfigurationList = DC4126261EB93E3000BB0BBD /* Build configuration list for PBXProject "TabBarControllerCancelSession" */;
			compatibilityVersion = "Xcode 3.2";
			developmentRegion = English;
			hasScannedForEncodings = 0;
			knownRegions = (
				en,
				Base,
			);
			mainGroup = DC4126221EB93E3000BB0BBD;
			productRefGroup = DC41262C1EB93E3000BB0BBD /* Products */;
			projectDirPath = "";
			projectRoot = "";
			targets = (
				DC41262A1EB93E3000BB0BBD /* TabBarControllerCancelSession */,
				DC41263E1EB93E3000BB0BBD /* TabBarControllerCancelSessionTests */,
				DC4126491EB93E3000BB0BBD /* TabBarControllerCancelSessionUITests */,
			);
		};
/* End PBXProject section */

/* Begin PBXResourcesBuildPhase section */
		DC4126291EB93E3000BB0BBD /* Resources */ = {
			isa = PBXResourcesBuildPhase;
			buildActionMask = 2147483647;
			files = (
				DC4126761EB9608000BB0BBD /* 5.storyboard in Resources */,
				DC4126741EB9608000BB0BBD /* 3.storyboard in Resources */,
				DC4126781EB9608000BB0BBD /* 7.storyboard in Resources */,
				DC4126391EB93E3000BB0BBD /* LaunchScreen.storyboard in Resources */,
				DC4126751EB9608000BB0BBD /* 4.storyboard in Resources */,
				DC41266C1EB9601F00BB0BBD /* 1.storyboard in Resources */,
				DC4126771EB9608000BB0BBD /* 6.storyboard in Resources */,
				DC4126361EB93E3000BB0BBD /* Assets.xcassets in Resources */,
				DC4126341EB93E3000BB0BBD /* Main.storyboard in Resources */,
				DC4126731EB9608000BB0BBD /* 2.storyboard in Resources */,
			);
			runOnlyForDeploymentPostprocessing = 0;
		};
		DC41263D1EB93E3000BB0BBD /* Resources */ = {
			isa = PBXResourcesBuildPhase;
			buildActionMask = 2147483647;
			files = (
			);
			runOnlyForDeploymentPostprocessing = 0;
		};
		DC4126481EB93E3000BB0BBD /* Resources */ = {
			isa = PBXResourcesBuildPhase;
			buildActionMask = 2147483647;
			files = (
			);
			runOnlyForDeploymentPostprocessing = 0;
		};
/* End PBXResourcesBuildPhase section */

/* Begin PBXSourcesBuildPhase section */
		DC4126271EB93E3000BB0BBD /* Sources */ = {
			isa = PBXSourcesBuildPhase;
			buildActionMask = 2147483647;
			files = (
				DC41267E1EB9706300BB0BBD /* ViewController3.swift in Sources */,
				DC41267C1EB9706300BB0BBD /* ViewController1.swift in Sources */,
				DC41267D1EB9706300BB0BBD /* ViewController2.swift in Sources */,
				DC4126311EB93E3000BB0BBD /* ViewController.swift in Sources */,
				DC41262F1EB93E3000BB0BBD /* AppDelegate.swift in Sources */,
			);
			runOnlyForDeploymentPostprocessing = 0;
		};
		DC41263B1EB93E3000BB0BBD /* Sources */ = {
			isa = PBXSourcesBuildPhase;
			buildActionMask = 2147483647;
			files = (
				DC4126441EB93E3000BB0BBD /* TabBarControllerCancelSessionTests.swift in Sources */,
			);
			runOnlyForDeploymentPostprocessing = 0;
		};
		DC4126461EB93E3000BB0BBD /* Sources */ = {
			isa = PBXSourcesBuildPhase;
			buildActionMask = 2147483647;
			files = (
				DC41264F1EB93E3000BB0BBD /* TabBarControllerCancelSessionUITests.swift in Sources */,
			);
			runOnlyForDeploymentPostprocessing = 0;
		};
/* End PBXSourcesBuildPhase section */

/* Begin PBXTargetDependency section */
		DC4126411EB93E3000BB0BBD /* PBXTargetDependency */ = {
			isa = PBXTargetDependency;
			target = DC41262A1EB93E3000BB0BBD /* TabBarControllerCancelSession */;
			targetProxy = DC4126401EB93E3000BB0BBD /* PBXContainerItemProxy */;
		};
		DC41264C1EB93E3000BB0BBD /* PBXTargetDependency */ = {
			isa = PBXTargetDependency;
			target = DC41262A1EB93E3000BB0BBD /* TabBarControllerCancelSession */;
			targetProxy = DC41264B1EB93E3000BB0BBD /* PBXContainerItemProxy */;
		};
/* End PBXTargetDependency section */

/* Begin PBXVariantGroup section */
		DC4126321EB93E3000BB0BBD /* Main.storyboard */ = {
			isa = PBXVariantGroup;
			children = (
				DC4126331EB93E3000BB0BBD /* Base */,
			);
			name = Main.storyboard;
			sourceTree = "<group>";
		};
		DC4126371EB93E3000BB0BBD /* LaunchScreen.storyboard */ = {
			isa = PBXVariantGroup;
			children = (
				DC4126381EB93E3000BB0BBD /* Base */,
			);
			name = LaunchScreen.storyboard;
			sourceTree = "<group>";
		};
/* End PBXVariantGroup section */

/* Begin XCBuildConfiguration section */
		DC4126511EB93E3000BB0BBD /* Debug */ = {
			isa = XCBuildConfiguration;
			buildSettings = {
				ALWAYS_SEARCH_USER_PATHS = NO;
				CLANG_ANALYZER_NONNULL = YES;
				CLANG_ANALYZER_NUMBER_OBJECT_CONVERSION = YES_AGGRESSIVE;
				CLANG_CXX_LANGUAGE_STANDARD = "gnu++0x";
				CLANG_CXX_LIBRARY = "libc++";
				CLANG_ENABLE_MODULES = YES;
				CLANG_ENABLE_OBJC_ARC = YES;
				CLANG_WARN_BOOL_CONVERSION = YES;
				CLANG_WARN_CONSTANT_CONVERSION = YES;
				CLANG_WARN_DIRECT_OBJC_ISA_USAGE = YES_ERROR;
				CLANG_WARN_DOCUMENTATION_COMMENTS = YES;
				CLANG_WARN_EMPTY_BODY = YES;
				CLANG_WARN_ENUM_CONVERSION = YES;
				CLANG_WARN_INFINITE_RECURSION = YES;
				CLANG_WARN_INT_CONVERSION = YES;
				CLANG_WARN_OBJC_ROOT_CLASS = YES_ERROR;
				CLANG_WARN_SUSPICIOUS_MOVE = YES;
				CLANG_WARN_UNREACHABLE_CODE = YES;
				CLANG_WARN__DUPLICATE_METHOD_MATCH = YES;
				"CODE_SIGN_IDENTITY[sdk=iphoneos*]" = "iPhone Developer";
				COPY_PHASE_STRIP = NO;
				DEBUG_INFORMATION_FORMAT = dwarf;
				ENABLE_STRICT_OBJC_MSGSEND = YES;
				ENABLE_TESTABILITY = YES;
				GCC_C_LANGUAGE_STANDARD = gnu99;
				GCC_DYNAMIC_NO_PIC = NO;
				GCC_NO_COMMON_BLOCKS = YES;
				GCC_OPTIMIZATION_LEVEL = 0;
				GCC_PREPROCESSOR_DEFINITIONS = (
					"DEBUG=1",
					"$(inherited)",
				);
				GCC_WARN_64_TO_32_BIT_CONVERSION = YES;
				GCC_WARN_ABOUT_RETURN_TYPE = YES_ERROR;
				GCC_WARN_UNDECLARED_SELECTOR = YES;
				GCC_WARN_UNINITIALIZED_AUTOS = YES_AGGRESSIVE;
				GCC_WARN_UNUSED_FUNCTION = YES;
				GCC_WARN_UNUSED_VARIABLE = YES;
				IPHONEOS_DEPLOYMENT_TARGET = 10.3;
				MTL_ENABLE_DEBUG_INFO = YES;
				ONLY_ACTIVE_ARCH = YES;
				SDKROOT = iphoneos;
				SWIFT_ACTIVE_COMPILATION_CONDITIONS = DEBUG;
				SWIFT_OPTIMIZATION_LEVEL = "-Onone";
			};
			name = Debug;
		};
		DC4126521EB93E3000BB0BBD /* Release */ = {
			isa = XCBuildConfiguration;
			buildSettings = {
				ALWAYS_SEARCH_USER_PATHS = NO;
				CLANG_ANALYZER_NONNULL = YES;
				CLANG_ANALYZER_NUMBER_OBJECT_CONVERSION = YES_AGGRESSIVE;
				CLANG_CXX_LANGUAGE_STANDARD = "gnu++0x";
				CLANG_CXX_LIBRARY = "libc++";
				CLANG_ENABLE_MODULES = YES;
				CLANG_ENABLE_OBJC_ARC = YES;
				CLANG_WARN_BOOL_CONVERSION = YES;
				CLANG_WARN_CONSTANT_CONVERSION = YES;
				CLANG_WARN_DIRECT_OBJC_ISA_USAGE = YES_ERROR;
				CLANG_WARN_DOCUMENTATION_COMMENTS = YES;
				CLANG_WARN_EMPTY_BODY = YES;
				CLANG_WARN_ENUM_CONVERSION = YES;
				CLANG_WARN_INFINITE_RECURSION = YES;
				CLANG_WARN_INT_CONVERSION = YES;
				CLANG_WARN_OBJC_ROOT_CLASS = YES_ERROR;
				CLANG_WARN_SUSPICIOUS_MOVE = YES;
				CLANG_WARN_UNREACHABLE_CODE = YES;
				CLANG_WARN__DUPLICATE_METHOD_MATCH = YES;
				"CODE_SIGN_IDENTITY[sdk=iphoneos*]" = "iPhone Developer";
				COPY_PHASE_STRIP = NO;
				DEBUG_INFORMATION_FORMAT = "dwarf-with-dsym";
				ENABLE_NS_ASSERTIONS = NO;
				ENABLE_STRICT_OBJC_MSGSEND = YES;
				GCC_C_LANGUAGE_STANDARD = gnu99;
				GCC_NO_COMMON_BLOCKS = YES;
				GCC_WARN_64_TO_32_BIT_CONVERSION = YES;
				GCC_WARN_ABOUT_RETURN_TYPE = YES_ERROR;
				GCC_WARN_UNDECLARED_SELECTOR = YES;
				GCC_WARN_UNINITIALIZED_AUTOS = YES_AGGRESSIVE;
				GCC_WARN_UNUSED_FUNCTION = YES;
				GCC_WARN_UNUSED_VARIABLE = YES;
				IPHONEOS_DEPLOYMENT_TARGET = 10.3;
				MTL_ENABLE_DEBUG_INFO = NO;
				SDKROOT = iphoneos;
				SWIFT_OPTIMIZATION_LEVEL = "-Owholemodule";
				VALIDATE_PRODUCT = YES;
			};
			name = Release;
		};
		DC4126541EB93E3000BB0BBD /* Debug */ = {
			isa = XCBuildConfiguration;
			buildSettings = {
				ASSETCATALOG_COMPILER_APPICON_NAME = AppIcon;
				DEVELOPMENT_TEAM = 8X445N7629;
				INFOPLIST_FILE = TabBarControllerCancelSession/Info.plist;
				LD_RUNPATH_SEARCH_PATHS = "$(inherited) @executable_path/Frameworks";
				PRODUCT_BUNDLE_IDENTIFIER = net.iggym.TabBarControllerCancelSession;
				PRODUCT_NAME = "$(TARGET_NAME)";
				SWIFT_VERSION = 3.0;
			};
			name = Debug;
		};
		DC4126551EB93E3000BB0BBD /* Release */ = {
			isa = XCBuildConfiguration;
			buildSettings = {
				ASSETCATALOG_COMPILER_APPICON_NAME = AppIcon;
				DEVELOPMENT_TEAM = 8X445N7629;
				INFOPLIST_FILE = TabBarControllerCancelSession/Info.plist;
				LD_RUNPATH_SEARCH_PATHS = "$(inherited) @executable_path/Frameworks";
				PRODUCT_BUNDLE_IDENTIFIER = net.iggym.TabBarControllerCancelSession;
				PRODUCT_NAME = "$(TARGET_NAME)";
				SWIFT_VERSION = 3.0;
			};
			name = Release;
		};
		DC4126571EB93E3000BB0BBD /* Debug */ = {
			isa = XCBuildConfiguration;
			buildSettings = {
				ALWAYS_EMBED_SWIFT_STANDARD_LIBRARIES = YES;
				BUNDLE_LOADER = "$(TEST_HOST)";
				DEVELOPMENT_TEAM = 8X445N7629;
				INFOPLIST_FILE = TabBarControllerCancelSessionTests/Info.plist;
				LD_RUNPATH_SEARCH_PATHS = "$(inherited) @executable_path/Frameworks @loader_path/Frameworks";
				PRODUCT_BUNDLE_IDENTIFIER = net.iggym.TabBarControllerCancelSessionTests;
				PRODUCT_NAME = "$(TARGET_NAME)";
				SWIFT_VERSION = 3.0;
				TEST_HOST = "$(BUILT_PRODUCTS_DIR)/TabBarControllerCancelSession.app/TabBarControllerCancelSession";
			};
			name = Debug;
		};
		DC4126581EB93E3000BB0BBD /* Release */ = {
			isa = XCBuildConfiguration;
			buildSettings = {
				ALWAYS_EMBED_SWIFT_STANDARD_LIBRARIES = YES;
				BUNDLE_LOADER = "$(TEST_HOST)";
				DEVELOPMENT_TEAM = 8X445N7629;
				INFOPLIST_FILE = TabBarControllerCancelSessionTests/Info.plist;
				LD_RUNPATH_SEARCH_PATHS = "$(inherited) @executable_path/Frameworks @loader_path/Frameworks";
				PRODUCT_BUNDLE_IDENTIFIER = net.iggym.TabBarControllerCancelSessionTests;
				PRODUCT_NAME = "$(TARGET_NAME)";
				SWIFT_VERSION = 3.0;
				TEST_HOST = "$(BUILT_PRODUCTS_DIR)/TabBarControllerCancelSession.app/TabBarControllerCancelSession";
			};
			name = Release;
		};
		DC41265A1EB93E3000BB0BBD /* Debug */ = {
			isa = XCBuildConfiguration;
			buildSettings = {
				ALWAYS_EMBED_SWIFT_STANDARD_LIBRARIES = YES;
				DEVELOPMENT_TEAM = 8X445N7629;
				INFOPLIST_FILE = TabBarControllerCancelSessionUITests/Info.plist;
				LD_RUNPATH_SEARCH_PATHS = "$(inherited) @executable_path/Frameworks @loader_path/Frameworks";
				PRODUCT_BUNDLE_IDENTIFIER = net.iggym.TabBarControllerCancelSessionUITests;
				PRODUCT_NAME = "$(TARGET_NAME)";
				SWIFT_VERSION = 3.0;
				TEST_TARGET_NAME = TabBarControllerCancelSession;
			};
			name = Debug;
		};
		DC41265B1EB93E3000BB0BBD /* Release */ = {
			isa = XCBuildConfiguration;
			buildSettings = {
				ALWAYS_EMBED_SWIFT_STANDARD_LIBRARIES = YES;
				DEVELOPMENT_TEAM = 8X445N7629;
				INFOPLIST_FILE = TabBarControllerCancelSessionUITests/Info.plist;
				LD_RUNPATH_SEARCH_PATHS = "$(inherited) @executable_path/Frameworks @loader_path/Frameworks";
				PRODUCT_BUNDLE_IDENTIFIER = net.iggym.TabBarControllerCancelSessionUITests;
				PRODUCT_NAME = "$(TARGET_NAME)";
				SWIFT_VERSION = 3.0;
				TEST_TARGET_NAME = TabBarControllerCancelSession;
			};
			name = Release;
		};
/* End XCBuildConfiguration section */

/* Begin XCConfigurationList section */
		DC4126261EB93E3000BB0BBD /* Build configuration list for PBXProject "TabBarControllerCancelSession" */ = {
			isa = XCConfigurationList;
			buildConfigurations = (
				DC4126511EB93E3000BB0BBD /* Debug */,
				DC4126521EB93E3000BB0BBD /* Release */,
			);
			defaultConfigurationIsVisible = 0;
			defaultConfigurationName = Release;
		};
		DC4126531EB93E3000BB0BBD /* Build configuration list for PBXNativeTarget "TabBarControllerCancelSession" */ = {
			isa = XCConfigurationList;
			buildConfigurations = (
				DC4126541EB93E3000BB0BBD /* Debug */,
				DC4126551EB93E3000BB0BBD /* Release */,
			);
			defaultConfigurationIsVisible = 0;
		};
		DC4126561EB93E3000BB0BBD /* Build configuration list for PBXNativeTarget "TabBarControllerCancelSessionTests" */ = {
			isa = XCConfigurationList;
			buildConfigurations = (
				DC4126571EB93E3000BB0BBD /* Debug */,
				DC4126581EB93E3000BB0BBD /* Release */,
			);
			defaultConfigurationIsVisible = 0;
		};
		DC4126591EB93E3000BB0BBD /* Build configuration list for PBXNativeTarget "TabBarControllerCancelSessionUITests" */ = {
			isa = XCConfigurationList;
			buildConfigurations = (
				DC41265A1EB93E3000BB0BBD /* Debug */,
				DC41265B1EB93E3000BB0BBD /* Release */,
			);
			defaultConfigurationIsVisible = 0;
		};
/* End XCConfigurationList section */
	};
	rootObject = DC4126231EB93E3000BB0BBD /* Project object */;
}
